
Microsoft Visual Studio Solution File, Format Version 12.00
# Visual Studio Version 17
VisualStudioVersion = 17.6.33801.468
MinimumVisualStudioVersion = 10.0.40219.1
Project("{FAE04EC0-301F-11D3-BF4B-00C04F79EFBC}") = "Task_21", "Task_21\Task_21.csproj", "{E5A0CA02-0DDF-4FCD-B5E9-F2D47E653977}"
EndProject
Global
	GlobalSection(SolutionConfigurationPlatforms) = preSolution
		Debug|Any CPU = Debug|Any CPU
		Release|Any CPU = Release|Any CPU
	EndGlobalSection
	GlobalSection(ProjectConfigurationPlatforms) = postSolution
		{E5A0CA02-0DDF-4FCD-B5E9-F2D47E653977}.Debug|Any CPU.ActiveCfg = Debug|Any CPU
		{E5A0CA02-0DDF-4FCD-B5E9-F2D47E653977}.Debug|Any CPU.Build.0 = Debug|Any CPU
		{E5A0CA02-0DDF-4FCD-B5E9-F2D47E653977}.Release|Any CPU.ActiveCfg = Release|Any CPU
		{E5A0CA02-0DDF-4FCD-B5E9-F2D47E653977}.Release|Any CPU.Build.0 = Release|Any CPU
	EndGlobalSection
	GlobalSection(SolutionProperties) = preSolution
		HideSolutionNode = FALSE
	EndGlobalSection
	GlobalSection(ExtensibilityGlobals) = postSolution
		SolutionGuid = {5EF8D907-4319-4CE6-9AA6-C8F878CF690A}
	EndGlobalSection
EndGlobal
