
Microsoft Visual Studio Solution File, Format Version 12.00
# Visual Studio Version 17
VisualStudioVersion = 17.6.33801.468
MinimumVisualStudioVersion = 10.0.40219.1
Project("{FAE04EC0-301F-11D3-BF4B-00C04F79EFBC}") = "Task_15", "Task_15\Task_15.csproj", "{6AE31F94-3355-49EC-B53D-11F33E9EBA1B}"
EndProject
Global
	GlobalSection(SolutionConfigurationPlatforms) = preSolution
		Debug|Any CPU = Debug|Any CPU
		Release|Any CPU = Release|Any CPU
	EndGlobalSection
	GlobalSection(ProjectConfigurationPlatforms) = postSolution
		{6AE31F94-3355-49EC-B53D-11F33E9EBA1B}.Debug|Any CPU.ActiveCfg = Debug|Any CPU
		{6AE31F94-3355-49EC-B53D-11F33E9EBA1B}.Debug|Any CPU.Build.0 = Debug|Any CPU
		{6AE31F94-3355-49EC-B53D-11F33E9EBA1B}.Release|Any CPU.ActiveCfg = Release|Any CPU
		{6AE31F94-3355-49EC-B53D-11F33E9EBA1B}.Release|Any CPU.Build.0 = Release|Any CPU
	EndGlobalSection
	GlobalSection(SolutionProperties) = preSolution
		HideSolutionNode = FALSE
	EndGlobalSection
	GlobalSection(ExtensibilityGlobals) = postSolution
		SolutionGuid = {CC02D085-8FEA-4EB0-B538-B1E620C2C4B4}
	EndGlobalSection
EndGlobal
