
Microsoft Visual Studio Solution File, Format Version 12.00
# Visual Studio Version 17
VisualStudioVersion = 17.6.33801.468
MinimumVisualStudioVersion = 10.0.40219.1
Project("{FAE04EC0-301F-11D3-BF4B-00C04F79EFBC}") = "Task_41", "Task_41\Task_41.csproj", "{D42B9637-D874-4E80-9D78-739EC32232ED}"
EndProject
Global
	GlobalSection(SolutionConfigurationPlatforms) = preSolution
		Debug|Any CPU = Debug|Any CPU
		Release|Any CPU = Release|Any CPU
	EndGlobalSection
	GlobalSection(ProjectConfigurationPlatforms) = postSolution
		{D42B9637-D874-4E80-9D78-739EC32232ED}.Debug|Any CPU.ActiveCfg = Debug|Any CPU
		{D42B9637-D874-4E80-9D78-739EC32232ED}.Debug|Any CPU.Build.0 = Debug|Any CPU
		{D42B9637-D874-4E80-9D78-739EC32232ED}.Release|Any CPU.ActiveCfg = Release|Any CPU
		{D42B9637-D874-4E80-9D78-739EC32232ED}.Release|Any CPU.Build.0 = Release|Any CPU
	EndGlobalSection
	GlobalSection(SolutionProperties) = preSolution
		HideSolutionNode = FALSE
	EndGlobalSection
	GlobalSection(ExtensibilityGlobals) = postSolution
		SolutionGuid = {06B3B702-3607-4B65-A218-DFE5DE3F1159}
	EndGlobalSection
EndGlobal
