
Microsoft Visual Studio Solution File, Format Version 12.00
# Visual Studio Version 17
VisualStudioVersion = 17.6.33801.468
MinimumVisualStudioVersion = 10.0.40219.1
Project("{FAE04EC0-301F-11D3-BF4B-00C04F79EFBC}") = "Task_68", "Task_68\Task_68.csproj", "{D132CAC1-86CA-4E38-BB31-E31341FE3B68}"
EndProject
Global
	GlobalSection(SolutionConfigurationPlatforms) = preSolution
		Debug|Any CPU = Debug|Any CPU
		Release|Any CPU = Release|Any CPU
	EndGlobalSection
	GlobalSection(ProjectConfigurationPlatforms) = postSolution
		{D132CAC1-86CA-4E38-BB31-E31341FE3B68}.Debug|Any CPU.ActiveCfg = Debug|Any CPU
		{D132CAC1-86CA-4E38-BB31-E31341FE3B68}.Debug|Any CPU.Build.0 = Debug|Any CPU
		{D132CAC1-86CA-4E38-BB31-E31341FE3B68}.Release|Any CPU.ActiveCfg = Release|Any CPU
		{D132CAC1-86CA-4E38-BB31-E31341FE3B68}.Release|Any CPU.Build.0 = Release|Any CPU
	EndGlobalSection
	GlobalSection(SolutionProperties) = preSolution
		HideSolutionNode = FALSE
	EndGlobalSection
	GlobalSection(ExtensibilityGlobals) = postSolution
		SolutionGuid = {6B5ADB1A-11D0-4769-87D8-662B7037545D}
	EndGlobalSection
EndGlobal
