
Microsoft Visual Studio Solution File, Format Version 12.00
# Visual Studio Version 17
VisualStudioVersion = 17.6.33801.468
MinimumVisualStudioVersion = 10.0.40219.1
Project("{FAE04EC0-301F-11D3-BF4B-00C04F79EFBC}") = "Task_43", "Task_43\Task_43.csproj", "{6773B4D5-E718-4495-AC18-A10AB18DD772}"
EndProject
Global
	GlobalSection(SolutionConfigurationPlatforms) = preSolution
		Debug|Any CPU = Debug|Any CPU
		Release|Any CPU = Release|Any CPU
	EndGlobalSection
	GlobalSection(ProjectConfigurationPlatforms) = postSolution
		{6773B4D5-E718-4495-AC18-A10AB18DD772}.Debug|Any CPU.ActiveCfg = Debug|Any CPU
		{6773B4D5-E718-4495-AC18-A10AB18DD772}.Debug|Any CPU.Build.0 = Debug|Any CPU
		{6773B4D5-E718-4495-AC18-A10AB18DD772}.Release|Any CPU.ActiveCfg = Release|Any CPU
		{6773B4D5-E718-4495-AC18-A10AB18DD772}.Release|Any CPU.Build.0 = Release|Any CPU
	EndGlobalSection
	GlobalSection(SolutionProperties) = preSolution
		HideSolutionNode = FALSE
	EndGlobalSection
	GlobalSection(ExtensibilityGlobals) = postSolution
		SolutionGuid = {5C193773-270B-46B3-8EEF-3CF3B548D6AB}
	EndGlobalSection
EndGlobal
