
Microsoft Visual Studio Solution File, Format Version 12.00
# Visual Studio Version 17
VisualStudioVersion = 17.6.33801.468
MinimumVisualStudioVersion = 10.0.40219.1
Project("{FAE04EC0-301F-11D3-BF4B-00C04F79EFBC}") = "Task_13", "Task_13\Task_13.csproj", "{D760B089-61C5-4C8C-8685-CB39ACED5A2E}"
EndProject
Global
	GlobalSection(SolutionConfigurationPlatforms) = preSolution
		Debug|Any CPU = Debug|Any CPU
		Release|Any CPU = Release|Any CPU
	EndGlobalSection
	GlobalSection(ProjectConfigurationPlatforms) = postSolution
		{D760B089-61C5-4C8C-8685-CB39ACED5A2E}.Debug|Any CPU.ActiveCfg = Debug|Any CPU
		{D760B089-61C5-4C8C-8685-CB39ACED5A2E}.Debug|Any CPU.Build.0 = Debug|Any CPU
		{D760B089-61C5-4C8C-8685-CB39ACED5A2E}.Release|Any CPU.ActiveCfg = Release|Any CPU
		{D760B089-61C5-4C8C-8685-CB39ACED5A2E}.Release|Any CPU.Build.0 = Release|Any CPU
	EndGlobalSection
	GlobalSection(SolutionProperties) = preSolution
		HideSolutionNode = FALSE
	EndGlobalSection
	GlobalSection(ExtensibilityGlobals) = postSolution
		SolutionGuid = {984CCB89-43FD-4A88-9638-401F9E79A283}
	EndGlobalSection
EndGlobal
