
Microsoft Visual Studio Solution File, Format Version 12.00
# Visual Studio Version 17
VisualStudioVersion = 17.6.33801.468
MinimumVisualStudioVersion = 10.0.40219.1
Project("{FAE04EC0-301F-11D3-BF4B-00C04F79EFBC}") = "Task_38", "Task_38\Task_38.csproj", "{5FBFE0CE-6B08-4B6B-8AA9-3753A2F4819D}"
EndProject
Global
	GlobalSection(SolutionConfigurationPlatforms) = preSolution
		Debug|Any CPU = Debug|Any CPU
		Release|Any CPU = Release|Any CPU
	EndGlobalSection
	GlobalSection(ProjectConfigurationPlatforms) = postSolution
		{5FBFE0CE-6B08-4B6B-8AA9-3753A2F4819D}.Debug|Any CPU.ActiveCfg = Debug|Any CPU
		{5FBFE0CE-6B08-4B6B-8AA9-3753A2F4819D}.Debug|Any CPU.Build.0 = Debug|Any CPU
		{5FBFE0CE-6B08-4B6B-8AA9-3753A2F4819D}.Release|Any CPU.ActiveCfg = Release|Any CPU
		{5FBFE0CE-6B08-4B6B-8AA9-3753A2F4819D}.Release|Any CPU.Build.0 = Release|Any CPU
	EndGlobalSection
	GlobalSection(SolutionProperties) = preSolution
		HideSolutionNode = FALSE
	EndGlobalSection
	GlobalSection(ExtensibilityGlobals) = postSolution
		SolutionGuid = {A7D0DEEF-EAD2-4823-9A4A-BA21BD6F3F51}
	EndGlobalSection
EndGlobal
